// !$*UTF8*$!
{
	archiveVersion = 1;
	classes = {
	};
	objectVersion = 48;
	objects = {

/* Begin PBXBuildFile section */
		5991EB56200D1F40002D629A /* Profile.swift in Sources */ = {isa = PBXBuildFile; fileRef = 5991EB55200D1F40002D629A /* Profile.swift */; };
		5991EB59200D7C63002D629A /* AllProfilesTableViewController.swift in Sources */ = {isa = PBXBuildFile; fileRef = 5991EB58200D7C63002D629A /* AllProfilesTableViewController.swift */; };
		5997361D200AC3C3007D0F50 /* AppDelegate.swift in Sources */ = {isa = PBXBuildFile; fileRef = 5997361C200AC3C3007D0F50 /* AppDelegate.swift */; };
		5997361F200AC3C3007D0F50 /* ProfilesViewController.swift in Sources */ = {isa = PBXBuildFile; fileRef = 5997361E200AC3C3007D0F50 /* ProfilesViewController.swift */; };
		59973621200AC3C3007D0F50 /* LoginViewController.swift in Sources */ = {isa = PBXBuildFile; fileRef = 59973620200AC3C3007D0F50 /* LoginViewController.swift */; };
		59973624200AC3C3007D0F50 /* Main.storyboard in Resources */ = {isa = PBXBuildFile; fileRef = 59973622200AC3C3007D0F50 /* Main.storyboard */; };
		59973626200AC3C3007D0F50 /* Assets.xcassets in Resources */ = {isa = PBXBuildFile; fileRef = 59973625200AC3C3007D0F50 /* Assets.xcassets */; };
		59973629200AC3C3007D0F50 /* LaunchScreen.storyboard in Resources */ = {isa = PBXBuildFile; fileRef = 59973627200AC3C3007D0F50 /* LaunchScreen.storyboard */; };
		59A4B2E02013FE1E00F6CF13 /* GoogleService-Info.plist in Resources */ = {isa = PBXBuildFile; fileRef = 59A4B2DF2013FE1E00F6CF13 /* GoogleService-Info.plist */; };
		59B45C6C201593F3005A5B79 /* LoginViewController+handlers.swift in Sources */ = {isa = PBXBuildFile; fileRef = 59B45C6B201593F3005A5B79 /* LoginViewController+handlers.swift */; };
		E8D198425DD2B63567F2678B /* Pods_fitchike.framework in Frameworks */ = {isa = PBXBuildFile; fileRef = CEFD91FD4B92250092CFC60C /* Pods_fitchike.framework */; };
/* End PBXBuildFile section */

/* Begin PBXFileReference section */
		52B174514E86DCD7D794145A /* Pods-fitchike.debug.xcconfig */ = {isa = PBXFileReference; includeInIndex = 1; lastKnownFileType = text.xcconfig; name = "Pods-fitchike.debug.xcconfig"; path = "Pods/Target Support Files/Pods-fitchike/Pods-fitchike.debug.xcconfig"; sourceTree = "<group>"; };
		5991EB55200D1F40002D629A /* Profile.swift */ = {isa = PBXFileReference; lastKnownFileType = sourcecode.swift; path = Profile.swift; sourceTree = "<group>"; };
		5991EB58200D7C63002D629A /* AllProfilesTableViewController.swift */ = {isa = PBXFileReference; lastKnownFileType = sourcecode.swift; path = AllProfilesTableViewController.swift; sourceTree = "<group>"; };
		59973619200AC3C3007D0F50 /* fitchike.app */ = {isa = PBXFileReference; explicitFileType = wrapper.application; includeInIndex = 0; path = fitchike.app; sourceTree = BUILT_PRODUCTS_DIR; };
		5997361C200AC3C3007D0F50 /* AppDelegate.swift */ = {isa = PBXFileReference; lastKnownFileType = sourcecode.swift; path = AppDelegate.swift; sourceTree = "<group>"; };
		5997361E200AC3C3007D0F50 /* ProfilesViewController.swift */ = {isa = PBXFileReference; lastKnownFileType = sourcecode.swift; path = ProfilesViewController.swift; sourceTree = "<group>"; };
		59973620200AC3C3007D0F50 /* LoginViewController.swift */ = {isa = PBXFileReference; lastKnownFileType = sourcecode.swift; path = LoginViewController.swift; sourceTree = "<group>"; };
		59973623200AC3C3007D0F50 /* Base */ = {isa = PBXFileReference; lastKnownFileType = file.storyboard; name = Base; path = Base.lproj/Main.storyboard; sourceTree = "<group>"; };
		59973625200AC3C3007D0F50 /* Assets.xcassets */ = {isa = PBXFileReference; lastKnownFileType = folder.assetcatalog; path = Assets.xcassets; sourceTree = "<group>"; };
		59973628200AC3C3007D0F50 /* Base */ = {isa = PBXFileReference; lastKnownFileType = file.storyboard; name = Base; path = Base.lproj/LaunchScreen.storyboard; sourceTree = "<group>"; };
		5997362A200AC3C3007D0F50 /* Info.plist */ = {isa = PBXFileReference; lastKnownFileType = text.plist.xml; path = Info.plist; sourceTree = "<group>"; };
		59A4B2DF2013FE1E00F6CF13 /* GoogleService-Info.plist */ = {isa = PBXFileReference; fileEncoding = 4; lastKnownFileType = text.plist.xml; path = "GoogleService-Info.plist"; sourceTree = "<group>"; };
		59B45C6B201593F3005A5B79 /* LoginViewController+handlers.swift */ = {isa = PBXFileReference; lastKnownFileType = sourcecode.swift; name = "LoginViewController+handlers.swift"; path = "fitchike/controllers/LoginViewController+handlers.swift"; sourceTree = SOURCE_ROOT; };
		79BA9112B8E9E474B8826C00 /* Pods-fitchike.release.xcconfig */ = {isa = PBXFileReference; includeInIndex = 1; lastKnownFileType = text.xcconfig; name = "Pods-fitchike.release.xcconfig"; path = "Pods/Target Support Files/Pods-fitchike/Pods-fitchike.release.xcconfig"; sourceTree = "<group>"; };
		CEFD91FD4B92250092CFC60C /* Pods_fitchike.framework */ = {isa = PBXFileReference; explicitFileType = wrapper.framework; includeInIndex = 0; path = Pods_fitchike.framework; sourceTree = BUILT_PRODUCTS_DIR; };
/* End PBXFileReference section */

/* Begin PBXFrameworksBuildPhase section */
		59973616200AC3C3007D0F50 /* Frameworks */ = {
			isa = PBXFrameworksBuildPhase;
			buildActionMask = 2147483647;
			files = (
				E8D198425DD2B63567F2678B /* Pods_fitchike.framework in Frameworks */,
			);
			runOnlyForDeploymentPostprocessing = 0;
		};
/* End PBXFrameworksBuildPhase section */

/* Begin PBXGroup section */
		5991EB57200D1F4B002D629A /* DataModel */ = {
			isa = PBXGroup;
			children = (
				5991EB55200D1F40002D629A /* Profile.swift */,
			);
			path = DataModel;
			sourceTree = "<group>";
		};
		59973610200AC3C2007D0F50 = {
			isa = PBXGroup;
			children = (
				5997361B200AC3C3007D0F50 /* fitchike */,
				5997361A200AC3C3007D0F50 /* Products */,
				81CAE90DEC21F41C777CF0A9 /* Pods */,
				66C8F6B0F188B1FC0692707E /* Frameworks */,
			);
			sourceTree = "<group>";
		};
		5997361A200AC3C3007D0F50 /* Products */ = {
			isa = PBXGroup;
			children = (
				59973619200AC3C3007D0F50 /* fitchike.app */,
			);
			name = Products;
			sourceTree = "<group>";
		};
		5997361B200AC3C3007D0F50 /* fitchike */ = {
			isa = PBXGroup;
			children = (
				59973630200AC95D007D0F50 /* Controllers */,
				5991EB57200D1F4B002D629A /* DataModel */,
				5997361C200AC3C3007D0F50 /* AppDelegate.swift */,
				59973622200AC3C3007D0F50 /* Main.storyboard */,
				59973625200AC3C3007D0F50 /* Assets.xcassets */,
				59973627200AC3C3007D0F50 /* LaunchScreen.storyboard */,
				5997362A200AC3C3007D0F50 /* Info.plist */,
				59A4B2DF2013FE1E00F6CF13 /* GoogleService-Info.plist */,
			);
			path = fitchike;
			sourceTree = "<group>";
		};
		59973630200AC95D007D0F50 /* Controllers */ = {
			isa = PBXGroup;
			children = (
				59973620200AC3C3007D0F50 /* LoginViewController.swift */,
				59B45C6B201593F3005A5B79 /* LoginViewController+handlers.swift */,
				5997361E200AC3C3007D0F50 /* ProfilesViewController.swift */,
				5991EB58200D7C63002D629A /* AllProfilesTableViewController.swift */,
			);
			path = Controllers;
			sourceTree = "<group>";
		};
		66C8F6B0F188B1FC0692707E /* Frameworks */ = {
			isa = PBXGroup;
			children = (
				CEFD91FD4B92250092CFC60C /* Pods_fitchike.framework */,
			);
			name = Frameworks;
			sourceTree = "<group>";
		};
		81CAE90DEC21F41C777CF0A9 /* Pods */ = {
			isa = PBXGroup;
			children = (
				52B174514E86DCD7D794145A /* Pods-fitchike.debug.xcconfig */,
				79BA9112B8E9E474B8826C00 /* Pods-fitchike.release.xcconfig */,
			);
			name = Pods;
			sourceTree = "<group>";
		};
/* End PBXGroup section */

/* Begin PBXNativeTarget section */
		59973618200AC3C3007D0F50 /* fitchike */ = {
			isa = PBXNativeTarget;
			buildConfigurationList = 5997362D200AC3C3007D0F50 /* Build configuration list for PBXNativeTarget "fitchike" */;
			buildPhases = (
				B12FB24B053E5F9681965108 /* [CP] Check Pods Manifest.lock */,
				59973615200AC3C3007D0F50 /* Sources */,
				59973616200AC3C3007D0F50 /* Frameworks */,
				59973617200AC3C3007D0F50 /* Resources */,
				41C653EC44F336BF61F012C2 /* [CP] Embed Pods Frameworks */,
				D5554ECC48ECFA4D6479E1DE /* [CP] Copy Pods Resources */,
			);
			buildRules = (
			);
			dependencies = (
			);
			name = fitchike;
			productName = fitchike;
			productReference = 59973619200AC3C3007D0F50 /* fitchike.app */;
			productType = "com.apple.product-type.application";
		};
/* End PBXNativeTarget section */

/* Begin PBXProject section */
		59973611200AC3C2007D0F50 /* Project object */ = {
			isa = PBXProject;
			attributes = {
				LastSwiftUpdateCheck = 0920;
				LastUpgradeCheck = 0920;
				ORGANIZATIONNAME = leftyseth;
				TargetAttributes = {
					59973618200AC3C3007D0F50 = {
						CreatedOnToolsVersion = 9.2;
						ProvisioningStyle = Automatic;
					};
				};
			};
			buildConfigurationList = 59973614200AC3C3007D0F50 /* Build configuration list for PBXProject "fitchike" */;
			compatibilityVersion = "Xcode 8.0";
			developmentRegion = en;
			hasScannedForEncodings = 0;
			knownRegions = (
				en,
				Base,
			);
			mainGroup = 59973610200AC3C2007D0F50;
			productRefGroup = 5997361A200AC3C3007D0F50 /* Products */;
			projectDirPath = "";
			projectRoot = "";
			targets = (
				59973618200AC3C3007D0F50 /* fitchike */,
			);
		};
/* End PBXProject section */

/* Begin PBXResourcesBuildPhase section */
		59973617200AC3C3007D0F50 /* Resources */ = {
			isa = PBXResourcesBuildPhase;
			buildActionMask = 2147483647;
			files = (
				59973629200AC3C3007D0F50 /* LaunchScreen.storyboard in Resources */,
				59A4B2E02013FE1E00F6CF13 /* GoogleService-Info.plist in Resources */,
				59973626200AC3C3007D0F50 /* Assets.xcassets in Resources */,
				59973624200AC3C3007D0F50 /* Main.storyboard in Resources */,
			);
			runOnlyForDeploymentPostprocessing = 0;
		};
/* End PBXResourcesBuildPhase section */

/* Begin PBXShellScriptBuildPhase section */
		41C653EC44F336BF61F012C2 /* [CP] Embed Pods Frameworks */ = {
			isa = PBXShellScriptBuildPhase;
			buildActionMask = 2147483647;
			files = (
			);
			inputPaths = (
				"${SRCROOT}/Pods/Target Support Files/Pods-fitchike/Pods-fitchike-frameworks.sh",
				"${BUILT_PRODUCTS_DIR}/BoringSSL/openssl.framework",
				"${BUILT_PRODUCTS_DIR}/GTMSessionFetcher/GTMSessionFetcher.framework",
				"${BUILT_PRODUCTS_DIR}/GoogleToolboxForMac/GoogleToolboxForMac.framework",
				"${BUILT_PRODUCTS_DIR}/Protobuf/Protobuf.framework",
				"${BUILT_PRODUCTS_DIR}/gRPC/GRPCClient.framework",
				"${BUILT_PRODUCTS_DIR}/gRPC-Core/grpc.framework",
				"${BUILT_PRODUCTS_DIR}/gRPC-ProtoRPC/ProtoRPC.framework",
				"${BUILT_PRODUCTS_DIR}/gRPC-RxLibrary/RxLibrary.framework",
				"${BUILT_PRODUCTS_DIR}/leveldb-library/leveldb.framework",
				"${BUILT_PRODUCTS_DIR}/nanopb/nanopb.framework",
			);
			name = "[CP] Embed Pods Frameworks";
			outputPaths = (
				"${TARGET_BUILD_DIR}/${FRAMEWORKS_FOLDER_PATH}/openssl.framework",
				"${TARGET_BUILD_DIR}/${FRAMEWORKS_FOLDER_PATH}/GTMSessionFetcher.framework",
				"${TARGET_BUILD_DIR}/${FRAMEWORKS_FOLDER_PATH}/GoogleToolboxForMac.framework",
				"${TARGET_BUILD_DIR}/${FRAMEWORKS_FOLDER_PATH}/Protobuf.framework",
				"${TARGET_BUILD_DIR}/${FRAMEWORKS_FOLDER_PATH}/GRPCClient.framework",
				"${TARGET_BUILD_DIR}/${FRAMEWORKS_FOLDER_PATH}/grpc.framework",
				"${TARGET_BUILD_DIR}/${FRAMEWORKS_FOLDER_PATH}/ProtoRPC.framework",
				"${TARGET_BUILD_DIR}/${FRAMEWORKS_FOLDER_PATH}/RxLibrary.framework",
				"${TARGET_BUILD_DIR}/${FRAMEWORKS_FOLDER_PATH}/leveldb.framework",
				"${TARGET_BUILD_DIR}/${FRAMEWORKS_FOLDER_PATH}/nanopb.framework",
			);
			runOnlyForDeploymentPostprocessing = 0;
			shellPath = /bin/sh;
			shellScript = "\"${SRCROOT}/Pods/Target Support Files/Pods-fitchike/Pods-fitchike-frameworks.sh\"\n";
			showEnvVarsInLog = 0;
		};
		B12FB24B053E5F9681965108 /* [CP] Check Pods Manifest.lock */ = {
			isa = PBXShellScriptBuildPhase;
			buildActionMask = 2147483647;
			files = (
			);
			inputPaths = (
				"${PODS_PODFILE_DIR_PATH}/Podfile.lock",
				"${PODS_ROOT}/Manifest.lock",
			);
			name = "[CP] Check Pods Manifest.lock";
			outputPaths = (
				"$(DERIVED_FILE_DIR)/Pods-fitchike-checkManifestLockResult.txt",
			);
			runOnlyForDeploymentPostprocessing = 0;
			shellPath = /bin/sh;
			shellScript = "diff \"${PODS_PODFILE_DIR_PATH}/Podfile.lock\" \"${PODS_ROOT}/Manifest.lock\" > /dev/null\nif [ $? != 0 ] ; then\n    # print error to STDERR\n    echo \"error: The sandbox is not in sync with the Podfile.lock. Run 'pod install' or update your CocoaPods installation.\" >&2\n    exit 1\nfi\n# This output is used by Xcode 'outputs' to avoid re-running this script phase.\necho \"SUCCESS\" > \"${SCRIPT_OUTPUT_FILE_0}\"\n";
			showEnvVarsInLog = 0;
		};
		D5554ECC48ECFA4D6479E1DE /* [CP] Copy Pods Resources */ = {
			isa = PBXShellScriptBuildPhase;
			buildActionMask = 2147483647;
			files = (
			);
			inputPaths = (
			);
			name = "[CP] Copy Pods Resources";
			outputPaths = (
			);
			runOnlyForDeploymentPostprocessing = 0;
			shellPath = /bin/sh;
			shellScript = "\"${SRCROOT}/Pods/Target Support Files/Pods-fitchike/Pods-fitchike-resources.sh\"\n";
			showEnvVarsInLog = 0;
		};
/* End PBXShellScriptBuildPhase section */

/* Begin PBXSourcesBuildPhase section */
		59973615200AC3C3007D0F50 /* Sources */ = {
			isa = PBXSourcesBuildPhase;
			buildActionMask = 2147483647;
			files = (
				5991EB59200D7C63002D629A /* AllProfilesTableViewController.swift in Sources */,
				59B45C6C201593F3005A5B79 /* LoginViewController+handlers.swift in Sources */,
				5991EB56200D1F40002D629A /* Profile.swift in Sources */,
				59973621200AC3C3007D0F50 /* LoginViewController.swift in Sources */,
				5997361D200AC3C3007D0F50 /* AppDelegate.swift in Sources */,
				5997361F200AC3C3007D0F50 /* ProfilesViewController.swift in Sources */,
			);
			runOnlyForDeploymentPostprocessing = 0;
		};
/* End PBXSourcesBuildPhase section */

/* Begin PBXVariantGroup section */
		59973622200AC3C3007D0F50 /* Main.storyboard */ = {
			isa = PBXVariantGroup;
			children = (
				59973623200AC3C3007D0F50 /* Base */,
			);
			name = Main.storyboard;
			sourceTree = "<group>";
		};
		59973627200AC3C3007D0F50 /* LaunchScreen.storyboard */ = {
			isa = PBXVariantGroup;
			children = (
				59973628200AC3C3007D0F50 /* Base */,
			);
			name = LaunchScreen.storyboard;
			sourceTree = "<group>";
		};
/* End PBXVariantGroup section */

/* Begin XCBuildConfiguration section */
		5997362B200AC3C3007D0F50 /* Debug */ = {
			isa = XCBuildConfiguration;
			buildSettings = {
				ALWAYS_SEARCH_USER_PATHS = NO;
				CLANG_ANALYZER_NONNULL = YES;
				CLANG_ANALYZER_NUMBER_OBJECT_CONVERSION = YES_AGGRESSIVE;
				CLANG_CXX_LANGUAGE_STANDARD = "gnu++14";
				CLANG_CXX_LIBRARY = "libc++";
				CLANG_ENABLE_MODULES = YES;
				CLANG_ENABLE_OBJC_ARC = YES;
				CLANG_WARN_BLOCK_CAPTURE_AUTORELEASING = YES;
				CLANG_WARN_BOOL_CONVERSION = YES;
				CLANG_WARN_COMMA = YES;
				CLANG_WARN_CONSTANT_CONVERSION = YES;
				CLANG_WARN_DIRECT_OBJC_ISA_USAGE = YES_ERROR;
				CLANG_WARN_DOCUMENTATION_COMMENTS = YES;
				CLANG_WARN_EMPTY_BODY = YES;
				CLANG_WARN_ENUM_CONVERSION = YES;
				CLANG_WARN_INFINITE_RECURSION = YES;
				CLANG_WARN_INT_CONVERSION = YES;
				CLANG_WARN_NON_LITERAL_NULL_CONVERSION = YES;
				CLANG_WARN_OBJC_LITERAL_CONVERSION = YES;
				CLANG_WARN_OBJC_ROOT_CLASS = YES_ERROR;
				CLANG_WARN_RANGE_LOOP_ANALYSIS = YES;
				CLANG_WARN_STRICT_PROTOTYPES = YES;
				CLANG_WARN_SUSPICIOUS_MOVE = YES;
				CLANG_WARN_UNGUARDED_AVAILABILITY = YES_AGGRESSIVE;
				CLANG_WARN_UNREACHABLE_CODE = YES;
				CLANG_WARN__DUPLICATE_METHOD_MATCH = YES;
				CODE_SIGN_IDENTITY = "iPhone Developer";
				COPY_PHASE_STRIP = NO;
				DEBUG_INFORMATION_FORMAT = dwarf;
				ENABLE_STRICT_OBJC_MSGSEND = YES;
				ENABLE_TESTABILITY = YES;
				GCC_C_LANGUAGE_STANDARD = gnu11;
				GCC_DYNAMIC_NO_PIC = NO;
				GCC_NO_COMMON_BLOCKS = YES;
				GCC_OPTIMIZATION_LEVEL = 0;
				GCC_PREPROCESSOR_DEFINITIONS = (
					"DEBUG=1",
					"$(inherited)",
				);
				GCC_WARN_64_TO_32_BIT_CONVERSION = YES;
				GCC_WARN_ABOUT_RETURN_TYPE = YES_ERROR;
				GCC_WARN_UNDECLARED_SELECTOR = YES;
				GCC_WARN_UNINITIALIZED_AUTOS = YES_AGGRESSIVE;
				GCC_WARN_UNUSED_FUNCTION = YES;
				GCC_WARN_UNUSED_VARIABLE = YES;
				IPHONEOS_DEPLOYMENT_TARGET = 11.2;
				MTL_ENABLE_DEBUG_INFO = YES;
				ONLY_ACTIVE_ARCH = YES;
				SDKROOT = iphoneos;
				SWIFT_ACTIVE_COMPILATION_CONDITIONS = DEBUG;
				SWIFT_OPTIMIZATION_LEVEL = "-Onone";
			};
			name = Debug;
		};
		5997362C200AC3C3007D0F50 /* Release */ = {
			isa = XCBuildConfiguration;
			buildSettings = {
				ALWAYS_SEARCH_USER_PATHS = NO;
				CLANG_ANALYZER_NONNULL = YES;
				CLANG_ANALYZER_NUMBER_OBJECT_CONVERSION = YES_AGGRESSIVE;
				CLANG_CXX_LANGUAGE_STANDARD = "gnu++14";
				CLANG_CXX_LIBRARY = "libc++";
				CLANG_ENABLE_MODULES = YES;
				CLANG_ENABLE_OBJC_ARC = YES;
				CLANG_WARN_BLOCK_CAPTURE_AUTORELEASING = YES;
				CLANG_WARN_BOOL_CONVERSION = YES;
				CLANG_WARN_COMMA = YES;
				CLANG_WARN_CONSTANT_CONVERSION = YES;
				CLANG_WARN_DIRECT_OBJC_ISA_USAGE = YES_ERROR;
				CLANG_WARN_DOCUMENTATION_COMMENTS = YES;
				CLANG_WARN_EMPTY_BODY = YES;
				CLANG_WARN_ENUM_CONVERSION = YES;
				CLANG_WARN_INFINITE_RECURSION = YES;
				CLANG_WARN_INT_CONVERSION = YES;
				CLANG_WARN_NON_LITERAL_NULL_CONVERSION = YES;
				CLANG_WARN_OBJC_LITERAL_CONVERSION = YES;
				CLANG_WARN_OBJC_ROOT_CLASS = YES_ERROR;
				CLANG_WARN_RANGE_LOOP_ANALYSIS = YES;
				CLANG_WARN_STRICT_PROTOTYPES = YES;
				CLANG_WARN_SUSPICIOUS_MOVE = YES;
				CLANG_WARN_UNGUARDED_AVAILABILITY = YES_AGGRESSIVE;
				CLANG_WARN_UNREACHABLE_CODE = YES;
				CLANG_WARN__DUPLICATE_METHOD_MATCH = YES;
				CODE_SIGN_IDENTITY = "iPhone Developer";
				COPY_PHASE_STRIP = NO;
				DEBUG_INFORMATION_FORMAT = "dwarf-with-dsym";
				ENABLE_NS_ASSERTIONS = NO;
				ENABLE_STRICT_OBJC_MSGSEND = YES;
				GCC_C_LANGUAGE_STANDARD = gnu11;
				GCC_NO_COMMON_BLOCKS = YES;
				GCC_WARN_64_TO_32_BIT_CONVERSION = YES;
				GCC_WARN_ABOUT_RETURN_TYPE = YES_ERROR;
				GCC_WARN_UNDECLARED_SELECTOR = YES;
				GCC_WARN_UNINITIALIZED_AUTOS = YES_AGGRESSIVE;
				GCC_WARN_UNUSED_FUNCTION = YES;
				GCC_WARN_UNUSED_VARIABLE = YES;
				IPHONEOS_DEPLOYMENT_TARGET = 11.2;
				MTL_ENABLE_DEBUG_INFO = NO;
				SDKROOT = iphoneos;
				SWIFT_OPTIMIZATION_LEVEL = "-Owholemodule";
				VALIDATE_PRODUCT = YES;
			};
			name = Release;
		};
		5997362E200AC3C3007D0F50 /* Debug */ = {
			isa = XCBuildConfiguration;
			baseConfigurationReference = 52B174514E86DCD7D794145A /* Pods-fitchike.debug.xcconfig */;
			buildSettings = {
				ASSETCATALOG_COMPILER_APPICON_NAME = AppIcon;
				CODE_SIGN_STYLE = Automatic;
				DEVELOPMENT_TEAM = YZQXJDN28A;
				INFOPLIST_FILE = fitchike/Info.plist;
				LD_RUNPATH_SEARCH_PATHS = "$(inherited) @executable_path/Frameworks";
				PRODUCT_BUNDLE_IDENTIFIER = com.leftyseth.fitchike;
				PRODUCT_NAME = "$(TARGET_NAME)";
				SWIFT_VERSION = 4.0;
				TARGETED_DEVICE_FAMILY = "1,2";
			};
			name = Debug;
		};
		5997362F200AC3C3007D0F50 /* Release */ = {
			isa = XCBuildConfiguration;
			baseConfigurationReference = 79BA9112B8E9E474B8826C00 /* Pods-fitchike.release.xcconfig */;
			buildSettings = {
				ASSETCATALOG_COMPILER_APPICON_NAME = AppIcon;
				CODE_SIGN_STYLE = Automatic;
				DEVELOPMENT_TEAM = YZQXJDN28A;
				INFOPLIST_FILE = fitchike/Info.plist;
				LD_RUNPATH_SEARCH_PATHS = "$(inherited) @executable_path/Frameworks";
				PRODUCT_BUNDLE_IDENTIFIER = com.leftyseth.fitchike;
				PRODUCT_NAME = "$(TARGET_NAME)";
				SWIFT_VERSION = 4.0;
				TARGETED_DEVICE_FAMILY = "1,2";
			};
			name = Release;
		};
/* End XCBuildConfiguration section */

/* Begin XCConfigurationList section */
		59973614200AC3C3007D0F50 /* Build configuration list for PBXProject "fitchike" */ = {
			isa = XCConfigurationList;
			buildConfigurations = (
				5997362B200AC3C3007D0F50 /* Debug */,
				5997362C200AC3C3007D0F50 /* Release */,
			);
			defaultConfigurationIsVisible = 0;
			defaultConfigurationName = Release;
		};
		5997362D200AC3C3007D0F50 /* Build configuration list for PBXNativeTarget "fitchike" */ = {
			isa = XCConfigurationList;
			buildConfigurations = (
				5997362E200AC3C3007D0F50 /* Debug */,
				5997362F200AC3C3007D0F50 /* Release */,
			);
			defaultConfigurationIsVisible = 0;
			defaultConfigurationName = Release;
		};
/* End XCConfigurationList section */
	};
	rootObject = 59973611200AC3C2007D0F50 /* Project object */;
}
