// !$*UTF8*$!
{
	archiveVersion = 1;
	classes = {
	};
	objectVersion = 48;
	objects = {

/* Begin PBXBuildFile section */
		591B77AB20FD5F57001B8116 /* CustomTabBarController.swift in Sources */ = {isa = PBXBuildFile; fileRef = 591B77AA20FD5F57001B8116 /* CustomTabBarController.swift */; };
		591B77AD20FD67FE001B8116 /* TrainerListDatasource.swift in Sources */ = {isa = PBXBuildFile; fileRef = 591B77AC20FD67FE001B8116 /* TrainerListDatasource.swift */; };
		591B77B120FD6935001B8116 /* StandardHeaderFooter.swift in Sources */ = {isa = PBXBuildFile; fileRef = 591B77B020FD6935001B8116 /* StandardHeaderFooter.swift */; };
		591B77B520FD6B4F001B8116 /* TrainerListDatasourceController.swift in Sources */ = {isa = PBXBuildFile; fileRef = 591B77B420FD6B4F001B8116 /* TrainerListDatasourceController.swift */; };
		591B77B920FD78D3001B8116 /* HomeViewController+handlers.swift in Sources */ = {isa = PBXBuildFile; fileRef = 591B77B820FD78D3001B8116 /* HomeViewController+handlers.swift */; };
		5920940D2108C6F7007D2114 /* Booking.swift in Sources */ = {isa = PBXBuildFile; fileRef = 5920940C2108C6F7007D2114 /* Booking.swift */; };
		5920940F2108CB87007D2114 /* BookingController.swift in Sources */ = {isa = PBXBuildFile; fileRef = 5920940E2108CB87007D2114 /* BookingController.swift */; };
		592094112108F702007D2114 /* TrainerDetailDatasourceController+handlers.swift in Sources */ = {isa = PBXBuildFile; fileRef = 592094102108F702007D2114 /* TrainerDetailDatasourceController+handlers.swift */; };
		5920941B210BD5CC007D2114 /* Buttons.swift in Sources */ = {isa = PBXBuildFile; fileRef = 59209413210BD5CA007D2114 /* Buttons.swift */; };
		5920941C210BD5CC007D2114 /* BrowseProductsViewController.swift in Sources */ = {isa = PBXBuildFile; fileRef = 59209414210BD5CA007D2114 /* BrowseProductsViewController.swift */; };
		5920941D210BD5CC007D2114 /* SettingsViewController.swift in Sources */ = {isa = PBXBuildFile; fileRef = 59209415210BD5CA007D2114 /* SettingsViewController.swift */; };
		5920941F210BD5CC007D2114 /* CheckoutRowView.swift in Sources */ = {isa = PBXBuildFile; fileRef = 59209417210BD5CB007D2114 /* CheckoutRowView.swift */; };
		59209420210BD5CC007D2114 /* PaymentContextFooterView.swift in Sources */ = {isa = PBXBuildFile; fileRef = 59209418210BD5CB007D2114 /* PaymentContextFooterView.swift */; };
		59209421210BD5CC007D2114 /* MyAPIClient.swift in Sources */ = {isa = PBXBuildFile; fileRef = 59209419210BD5CC007D2114 /* MyAPIClient.swift */; };
		59209422210BD5CC007D2114 /* CheckoutViewController.swift in Sources */ = {isa = PBXBuildFile; fileRef = 5920941A210BD5CC007D2114 /* CheckoutViewController.swift */; };
		598ECB6C210E4E63006DD451 /* BookingCheckoutController.swift in Sources */ = {isa = PBXBuildFile; fileRef = 598ECB6B210E4E63006DD451 /* BookingCheckoutController.swift */; };
		598ECB6E210FD719006DD451 /* StripeCustomer.swift in Sources */ = {isa = PBXBuildFile; fileRef = 598ECB6D210FD719006DD451 /* StripeCustomer.swift */; };
		5991EB56200D1F40002D629A /* Profile.swift in Sources */ = {isa = PBXBuildFile; fileRef = 5991EB55200D1F40002D629A /* Profile.swift */; };
		5997361D200AC3C3007D0F50 /* AppDelegate.swift in Sources */ = {isa = PBXBuildFile; fileRef = 5997361C200AC3C3007D0F50 /* AppDelegate.swift */; };
		59973621200AC3C3007D0F50 /* LoginViewController.swift in Sources */ = {isa = PBXBuildFile; fileRef = 59973620200AC3C3007D0F50 /* LoginViewController.swift */; };
		59973626200AC3C3007D0F50 /* Assets.xcassets in Resources */ = {isa = PBXBuildFile; fileRef = 59973625200AC3C3007D0F50 /* Assets.xcassets */; };
		59A4B2E02013FE1E00F6CF13 /* GoogleService-Info.plist in Resources */ = {isa = PBXBuildFile; fileRef = 59A4B2DF2013FE1E00F6CF13 /* GoogleService-Info.plist */; };
		59B45C6C201593F3005A5B79 /* LoginViewController+handlers.swift in Sources */ = {isa = PBXBuildFile; fileRef = 59B45C6B201593F3005A5B79 /* LoginViewController+handlers.swift */; };
		59B5284320FF0AED005AF8E0 /* ProfileController.swift in Sources */ = {isa = PBXBuildFile; fileRef = 59B5284220FF0AED005AF8E0 /* ProfileController.swift */; };
		59B5284721005910005AF8E0 /* TrainerDetailDatasourceController.swift in Sources */ = {isa = PBXBuildFile; fileRef = 59B5284621005910005AF8E0 /* TrainerDetailDatasourceController.swift */; };
		59B52849210060C0005AF8E0 /* TestCells.swift in Sources */ = {isa = PBXBuildFile; fileRef = 59B52848210060C0005AF8E0 /* TestCells.swift */; };
		59B5284B210060F4005AF8E0 /* TrainerDetailDatasource.swift in Sources */ = {isa = PBXBuildFile; fileRef = 59B5284A210060F4005AF8E0 /* TrainerDetailDatasource.swift */; };
		59B5284D21013A6C005AF8E0 /* TrainerListCell.swift in Sources */ = {isa = PBXBuildFile; fileRef = 59B5284C21013A6C005AF8E0 /* TrainerListCell.swift */; };
		59B5284F21038DAC005AF8E0 /* TrainerListDatasourceController+navbar.swift in Sources */ = {isa = PBXBuildFile; fileRef = 59B5284E21038DAC005AF8E0 /* TrainerListDatasourceController+navbar.swift */; };
		59B528512103ABE1005AF8E0 /* TrainerDetailCell.swift in Sources */ = {isa = PBXBuildFile; fileRef = 59B528502103ABE1005AF8E0 /* TrainerDetailCell.swift */; };
		59FA722C201785D9005985E7 /* HomeViewController.swift in Sources */ = {isa = PBXBuildFile; fileRef = 59FA722B201785D8005985E7 /* HomeViewController.swift */; };
		59FA722F2018176E005985E7 /* Extensions.swift in Sources */ = {isa = PBXBuildFile; fileRef = 59FA722E2018176E005985E7 /* Extensions.swift */; };
		E8D198425DD2B63567F2678B /* Pods_fitchike.framework in Frameworks */ = {isa = PBXBuildFile; fileRef = CEFD91FD4B92250092CFC60C /* Pods_fitchike.framework */; };
/* End PBXBuildFile section */

/* Begin PBXFileReference section */
		52B174514E86DCD7D794145A /* Pods-fitchike.debug.xcconfig */ = {isa = PBXFileReference; includeInIndex = 1; lastKnownFileType = text.xcconfig; name = "Pods-fitchike.debug.xcconfig"; path = "Pods/Target Support Files/Pods-fitchike/Pods-fitchike.debug.xcconfig"; sourceTree = "<group>"; };
		591B77A720FD4B88001B8116 /* fitchike.entitlements */ = {isa = PBXFileReference; lastKnownFileType = text.plist.entitlements; path = fitchike.entitlements; sourceTree = "<group>"; };
		591B77AA20FD5F57001B8116 /* CustomTabBarController.swift */ = {isa = PBXFileReference; lastKnownFileType = sourcecode.swift; path = CustomTabBarController.swift; sourceTree = "<group>"; };
		591B77AC20FD67FE001B8116 /* TrainerListDatasource.swift */ = {isa = PBXFileReference; lastKnownFileType = sourcecode.swift; name = TrainerListDatasource.swift; path = ../TrainerListDatasource.swift; sourceTree = "<group>"; };
		591B77B020FD6935001B8116 /* StandardHeaderFooter.swift */ = {isa = PBXFileReference; lastKnownFileType = sourcecode.swift; path = StandardHeaderFooter.swift; sourceTree = "<group>"; };
		591B77B420FD6B4F001B8116 /* TrainerListDatasourceController.swift */ = {isa = PBXFileReference; lastKnownFileType = sourcecode.swift; path = TrainerListDatasourceController.swift; sourceTree = "<group>"; };
		591B77B820FD78D3001B8116 /* HomeViewController+handlers.swift */ = {isa = PBXFileReference; lastKnownFileType = sourcecode.swift; path = "HomeViewController+handlers.swift"; sourceTree = "<group>"; };
		5920940C2108C6F7007D2114 /* Booking.swift */ = {isa = PBXFileReference; lastKnownFileType = sourcecode.swift; path = Booking.swift; sourceTree = "<group>"; };
		5920940E2108CB87007D2114 /* BookingController.swift */ = {isa = PBXFileReference; lastKnownFileType = sourcecode.swift; path = BookingController.swift; sourceTree = "<group>"; };
		592094102108F702007D2114 /* TrainerDetailDatasourceController+handlers.swift */ = {isa = PBXFileReference; lastKnownFileType = sourcecode.swift; path = "TrainerDetailDatasourceController+handlers.swift"; sourceTree = "<group>"; };
		59209413210BD5CA007D2114 /* Buttons.swift */ = {isa = PBXFileReference; fileEncoding = 4; lastKnownFileType = sourcecode.swift; path = Buttons.swift; sourceTree = "<group>"; };
		59209414210BD5CA007D2114 /* BrowseProductsViewController.swift */ = {isa = PBXFileReference; fileEncoding = 4; lastKnownFileType = sourcecode.swift; path = BrowseProductsViewController.swift; sourceTree = "<group>"; };
		59209415210BD5CA007D2114 /* SettingsViewController.swift */ = {isa = PBXFileReference; fileEncoding = 4; lastKnownFileType = sourcecode.swift; path = SettingsViewController.swift; sourceTree = "<group>"; };
		59209417210BD5CB007D2114 /* CheckoutRowView.swift */ = {isa = PBXFileReference; fileEncoding = 4; lastKnownFileType = sourcecode.swift; path = CheckoutRowView.swift; sourceTree = "<group>"; };
		59209418210BD5CB007D2114 /* PaymentContextFooterView.swift */ = {isa = PBXFileReference; fileEncoding = 4; lastKnownFileType = sourcecode.swift; path = PaymentContextFooterView.swift; sourceTree = "<group>"; };
		59209419210BD5CC007D2114 /* MyAPIClient.swift */ = {isa = PBXFileReference; fileEncoding = 4; lastKnownFileType = sourcecode.swift; path = MyAPIClient.swift; sourceTree = "<group>"; };
		5920941A210BD5CC007D2114 /* CheckoutViewController.swift */ = {isa = PBXFileReference; fileEncoding = 4; lastKnownFileType = sourcecode.swift; path = CheckoutViewController.swift; sourceTree = "<group>"; };
		598ECB6B210E4E63006DD451 /* BookingCheckoutController.swift */ = {isa = PBXFileReference; lastKnownFileType = sourcecode.swift; name = BookingCheckoutController.swift; path = /Users/mashype/Dropbox/Dev/iOS/fitchike/fitchike/Controllers/BookingCheckoutController.swift; sourceTree = "<absolute>"; };
		598ECB6D210FD719006DD451 /* StripeCustomer.swift */ = {isa = PBXFileReference; lastKnownFileType = sourcecode.swift; path = StripeCustomer.swift; sourceTree = "<group>"; };
		5991EB55200D1F40002D629A /* Profile.swift */ = {isa = PBXFileReference; lastKnownFileType = sourcecode.swift; path = Profile.swift; sourceTree = "<group>"; };
		59973619200AC3C3007D0F50 /* fitchike.app */ = {isa = PBXFileReference; explicitFileType = wrapper.application; includeInIndex = 0; path = fitchike.app; sourceTree = BUILT_PRODUCTS_DIR; };
		5997361C200AC3C3007D0F50 /* AppDelegate.swift */ = {isa = PBXFileReference; lastKnownFileType = sourcecode.swift; path = AppDelegate.swift; sourceTree = "<group>"; };
		59973620200AC3C3007D0F50 /* LoginViewController.swift */ = {isa = PBXFileReference; lastKnownFileType = sourcecode.swift; path = LoginViewController.swift; sourceTree = "<group>"; };
		59973625200AC3C3007D0F50 /* Assets.xcassets */ = {isa = PBXFileReference; lastKnownFileType = folder.assetcatalog; path = Assets.xcassets; sourceTree = "<group>"; };
		5997362A200AC3C3007D0F50 /* Info.plist */ = {isa = PBXFileReference; lastKnownFileType = text.plist.xml; path = Info.plist; sourceTree = "<group>"; };
		59A4B2DF2013FE1E00F6CF13 /* GoogleService-Info.plist */ = {isa = PBXFileReference; fileEncoding = 4; lastKnownFileType = text.plist.xml; path = "GoogleService-Info.plist"; sourceTree = "<group>"; };
		59B45C6B201593F3005A5B79 /* LoginViewController+handlers.swift */ = {isa = PBXFileReference; lastKnownFileType = sourcecode.swift; name = "LoginViewController+handlers.swift"; path = "fitchike/controllers/LoginViewController+handlers.swift"; sourceTree = SOURCE_ROOT; };
		59B5284220FF0AED005AF8E0 /* ProfileController.swift */ = {isa = PBXFileReference; lastKnownFileType = sourcecode.swift; path = ProfileController.swift; sourceTree = "<group>"; };
		59B5284621005910005AF8E0 /* TrainerDetailDatasourceController.swift */ = {isa = PBXFileReference; lastKnownFileType = sourcecode.swift; path = TrainerDetailDatasourceController.swift; sourceTree = "<group>"; };
		59B52848210060C0005AF8E0 /* TestCells.swift */ = {isa = PBXFileReference; lastKnownFileType = sourcecode.swift; path = TestCells.swift; sourceTree = "<group>"; };
		59B5284A210060F4005AF8E0 /* TrainerDetailDatasource.swift */ = {isa = PBXFileReference; lastKnownFileType = sourcecode.swift; path = TrainerDetailDatasource.swift; sourceTree = "<group>"; };
		59B5284C21013A6C005AF8E0 /* TrainerListCell.swift */ = {isa = PBXFileReference; lastKnownFileType = sourcecode.swift; path = TrainerListCell.swift; sourceTree = "<group>"; };
		59B5284E21038DAC005AF8E0 /* TrainerListDatasourceController+navbar.swift */ = {isa = PBXFileReference; lastKnownFileType = sourcecode.swift; path = "TrainerListDatasourceController+navbar.swift"; sourceTree = "<group>"; };
		59B528502103ABE1005AF8E0 /* TrainerDetailCell.swift */ = {isa = PBXFileReference; lastKnownFileType = sourcecode.swift; path = TrainerDetailCell.swift; sourceTree = "<group>"; };
		59FA722B201785D8005985E7 /* HomeViewController.swift */ = {isa = PBXFileReference; lastKnownFileType = sourcecode.swift; path = HomeViewController.swift; sourceTree = "<group>"; };
		59FA722E2018176E005985E7 /* Extensions.swift */ = {isa = PBXFileReference; lastKnownFileType = sourcecode.swift; path = Extensions.swift; sourceTree = "<group>"; };
		79BA9112B8E9E474B8826C00 /* Pods-fitchike.release.xcconfig */ = {isa = PBXFileReference; includeInIndex = 1; lastKnownFileType = text.xcconfig; name = "Pods-fitchike.release.xcconfig"; path = "Pods/Target Support Files/Pods-fitchike/Pods-fitchike.release.xcconfig"; sourceTree = "<group>"; };
		CEFD91FD4B92250092CFC60C /* Pods_fitchike.framework */ = {isa = PBXFileReference; explicitFileType = wrapper.framework; includeInIndex = 0; path = Pods_fitchike.framework; sourceTree = BUILT_PRODUCTS_DIR; };
/* End PBXFileReference section */

/* Begin PBXFrameworksBuildPhase section */
		59973616200AC3C3007D0F50 /* Frameworks */ = {
			isa = PBXFrameworksBuildPhase;
			buildActionMask = 2147483647;
			files = (
				E8D198425DD2B63567F2678B /* Pods_fitchike.framework in Frameworks */,
			);
			runOnlyForDeploymentPostprocessing = 0;
		};
/* End PBXFrameworksBuildPhase section */

/* Begin PBXGroup section */
		591B77AE20FD6803001B8116 /* DatasourceFiles */ = {
			isa = PBXGroup;
			children = (
				591B77AC20FD67FE001B8116 /* TrainerListDatasource.swift */,
				59B5284A210060F4005AF8E0 /* TrainerDetailDatasource.swift */,
			);
			path = DatasourceFiles;
			sourceTree = "<group>";
		};
		591B77AF20FD6889001B8116 /* Views */ = {
			isa = PBXGroup;
			children = (
				59B52848210060C0005AF8E0 /* TestCells.swift */,
				591B77B020FD6935001B8116 /* StandardHeaderFooter.swift */,
				59B528502103ABE1005AF8E0 /* TrainerDetailCell.swift */,
				59B5284C21013A6C005AF8E0 /* TrainerListCell.swift */,
			);
			path = Views;
			sourceTree = "<group>";
		};
		59209412210BD5A3007D2114 /* Stripe */ = {
			isa = PBXGroup;
			children = (
				59209414210BD5CA007D2114 /* BrowseProductsViewController.swift */,
				59209413210BD5CA007D2114 /* Buttons.swift */,
				59209417210BD5CB007D2114 /* CheckoutRowView.swift */,
				5920941A210BD5CC007D2114 /* CheckoutViewController.swift */,
				59209419210BD5CC007D2114 /* MyAPIClient.swift */,
				59209418210BD5CB007D2114 /* PaymentContextFooterView.swift */,
				59209415210BD5CA007D2114 /* SettingsViewController.swift */,
			);
			path = Stripe;
			sourceTree = "<group>";
		};
		5991EB57200D1F4B002D629A /* DataModel */ = {
			isa = PBXGroup;
			children = (
				591B77AE20FD6803001B8116 /* DatasourceFiles */,
				5920940C2108C6F7007D2114 /* Booking.swift */,
				5991EB55200D1F40002D629A /* Profile.swift */,
				598ECB6D210FD719006DD451 /* StripeCustomer.swift */,
			);
			path = DataModel;
			sourceTree = "<group>";
		};
		59973610200AC3C2007D0F50 = {
			isa = PBXGroup;
			children = (
				5997361B200AC3C3007D0F50 /* fitchike */,
				5997361A200AC3C3007D0F50 /* Products */,
				81CAE90DEC21F41C777CF0A9 /* Pods */,
				66C8F6B0F188B1FC0692707E /* Frameworks */,
			);
			sourceTree = "<group>";
		};
		5997361A200AC3C3007D0F50 /* Products */ = {
			isa = PBXGroup;
			children = (
				59973619200AC3C3007D0F50 /* fitchike.app */,
			);
			name = Products;
			sourceTree = "<group>";
		};
		5997361B200AC3C3007D0F50 /* fitchike */ = {
			isa = PBXGroup;
			children = (
				591B77A720FD4B88001B8116 /* fitchike.entitlements */,
				59973630200AC95D007D0F50 /* Controllers */,
				5991EB57200D1F4B002D629A /* DataModel */,
				59FA722D2018173D005985E7 /* Helpers */,
				59209412210BD5A3007D2114 /* Stripe */,
				591B77AF20FD6889001B8116 /* Views */,
				5997361C200AC3C3007D0F50 /* AppDelegate.swift */,
				59973625200AC3C3007D0F50 /* Assets.xcassets */,
				5997362A200AC3C3007D0F50 /* Info.plist */,
				59A4B2DF2013FE1E00F6CF13 /* GoogleService-Info.plist */,
			);
			path = fitchike;
			sourceTree = "<group>";
		};
		59973630200AC95D007D0F50 /* Controllers */ = {
			isa = PBXGroup;
			children = (
				5920940E2108CB87007D2114 /* BookingController.swift */,
				598ECB6B210E4E63006DD451 /* BookingCheckoutController.swift */,
				591B77AA20FD5F57001B8116 /* CustomTabBarController.swift */,
				59FA722B201785D8005985E7 /* HomeViewController.swift */,
				591B77B820FD78D3001B8116 /* HomeViewController+handlers.swift */,
				59973620200AC3C3007D0F50 /* LoginViewController.swift */,
				59B45C6B201593F3005A5B79 /* LoginViewController+handlers.swift */,
				59B5284621005910005AF8E0 /* TrainerDetailDatasourceController.swift */,
				592094102108F702007D2114 /* TrainerDetailDatasourceController+handlers.swift */,
				591B77B420FD6B4F001B8116 /* TrainerListDatasourceController.swift */,
				59B5284E21038DAC005AF8E0 /* TrainerListDatasourceController+navbar.swift */,
				59B5284220FF0AED005AF8E0 /* ProfileController.swift */,
			);
			path = Controllers;
			sourceTree = "<group>";
		};
		59FA722D2018173D005985E7 /* Helpers */ = {
			isa = PBXGroup;
			children = (
				59FA722E2018176E005985E7 /* Extensions.swift */,
			);
			path = Helpers;
			sourceTree = "<group>";
		};
		66C8F6B0F188B1FC0692707E /* Frameworks */ = {
			isa = PBXGroup;
			children = (
				CEFD91FD4B92250092CFC60C /* Pods_fitchike.framework */,
			);
			name = Frameworks;
			sourceTree = "<group>";
		};
		81CAE90DEC21F41C777CF0A9 /* Pods */ = {
			isa = PBXGroup;
			children = (
				52B174514E86DCD7D794145A /* Pods-fitchike.debug.xcconfig */,
				79BA9112B8E9E474B8826C00 /* Pods-fitchike.release.xcconfig */,
			);
			name = Pods;
			sourceTree = "<group>";
		};
/* End PBXGroup section */

/* Begin PBXNativeTarget section */
		59973618200AC3C3007D0F50 /* fitchike */ = {
			isa = PBXNativeTarget;
			buildConfigurationList = 5997362D200AC3C3007D0F50 /* Build configuration list for PBXNativeTarget "fitchike" */;
			buildPhases = (
				B12FB24B053E5F9681965108 /* [CP] Check Pods Manifest.lock */,
				59973615200AC3C3007D0F50 /* Sources */,
				59973616200AC3C3007D0F50 /* Frameworks */,
				59973617200AC3C3007D0F50 /* Resources */,
				41C653EC44F336BF61F012C2 /* [CP] Embed Pods Frameworks */,
			);
			buildRules = (
			);
			dependencies = (
			);
			name = fitchike;
			productName = fitchike;
			productReference = 59973619200AC3C3007D0F50 /* fitchike.app */;
			productType = "com.apple.product-type.application";
		};
/* End PBXNativeTarget section */

/* Begin PBXProject section */
		59973611200AC3C2007D0F50 /* Project object */ = {
			isa = PBXProject;
			attributes = {
				LastSwiftUpdateCheck = 0920;
				LastUpgradeCheck = 0930;
				ORGANIZATIONNAME = leftyseth;
				TargetAttributes = {
					59973618200AC3C3007D0F50 = {
						CreatedOnToolsVersion = 9.2;
						ProvisioningStyle = Automatic;
						SystemCapabilities = {
							com.apple.Keychain = {
								enabled = 1;
							};
						};
					};
				};
			};
			buildConfigurationList = 59973614200AC3C3007D0F50 /* Build configuration list for PBXProject "fitchike" */;
			compatibilityVersion = "Xcode 8.0";
			developmentRegion = en;
			hasScannedForEncodings = 0;
			knownRegions = (
				en,
				Base,
			);
			mainGroup = 59973610200AC3C2007D0F50;
			productRefGroup = 5997361A200AC3C3007D0F50 /* Products */;
			projectDirPath = "";
			projectRoot = "";
			targets = (
				59973618200AC3C3007D0F50 /* fitchike */,
			);
		};
/* End PBXProject section */

/* Begin PBXResourcesBuildPhase section */
		59973617200AC3C3007D0F50 /* Resources */ = {
			isa = PBXResourcesBuildPhase;
			buildActionMask = 2147483647;
			files = (
				59A4B2E02013FE1E00F6CF13 /* GoogleService-Info.plist in Resources */,
				59973626200AC3C3007D0F50 /* Assets.xcassets in Resources */,
			);
			runOnlyForDeploymentPostprocessing = 0;
		};
/* End PBXResourcesBuildPhase section */

/* Begin PBXShellScriptBuildPhase section */
		41C653EC44F336BF61F012C2 /* [CP] Embed Pods Frameworks */ = {
			isa = PBXShellScriptBuildPhase;
			buildActionMask = 2147483647;
			files = (
			);
			inputPaths = (
				"${SRCROOT}/Pods/Target Support Files/Pods-fitchike/Pods-fitchike-frameworks.sh",
				"${BUILT_PRODUCTS_DIR}/Alamofire/Alamofire.framework",
				"${BUILT_PRODUCTS_DIR}/Bolts/Bolts.framework",
				"${BUILT_PRODUCTS_DIR}/BoringSSL/openssl.framework",
				"${BUILT_PRODUCTS_DIR}/FBSDKCoreKit/FBSDKCoreKit.framework",
				"${BUILT_PRODUCTS_DIR}/FBSDKLoginKit/FBSDKLoginKit.framework",
				"${BUILT_PRODUCTS_DIR}/GTMSessionFetcher/GTMSessionFetcher.framework",
				"${BUILT_PRODUCTS_DIR}/GoogleToolboxForMac/GoogleToolboxForMac.framework",
				"${BUILT_PRODUCTS_DIR}/LBTAComponents/LBTAComponents.framework",
				"${BUILT_PRODUCTS_DIR}/Protobuf/Protobuf.framework",
				"${BUILT_PRODUCTS_DIR}/Stripe/Stripe.framework",
				"${BUILT_PRODUCTS_DIR}/gRPC/GRPCClient.framework",
				"${BUILT_PRODUCTS_DIR}/gRPC-Core/grpc.framework",
				"${BUILT_PRODUCTS_DIR}/gRPC-ProtoRPC/ProtoRPC.framework",
				"${BUILT_PRODUCTS_DIR}/gRPC-RxLibrary/RxLibrary.framework",
				"${BUILT_PRODUCTS_DIR}/leveldb-library/leveldb.framework",
				"${BUILT_PRODUCTS_DIR}/nanopb/nanopb.framework",
			);
			name = "[CP] Embed Pods Frameworks";
			outputPaths = (
				"${TARGET_BUILD_DIR}/${FRAMEWORKS_FOLDER_PATH}/Alamofire.framework",
				"${TARGET_BUILD_DIR}/${FRAMEWORKS_FOLDER_PATH}/Bolts.framework",
				"${TARGET_BUILD_DIR}/${FRAMEWORKS_FOLDER_PATH}/openssl.framework",
				"${TARGET_BUILD_DIR}/${FRAMEWORKS_FOLDER_PATH}/FBSDKCoreKit.framework",
				"${TARGET_BUILD_DIR}/${FRAMEWORKS_FOLDER_PATH}/FBSDKLoginKit.framework",
				"${TARGET_BUILD_DIR}/${FRAMEWORKS_FOLDER_PATH}/GTMSessionFetcher.framework",
				"${TARGET_BUILD_DIR}/${FRAMEWORKS_FOLDER_PATH}/GoogleToolboxForMac.framework",
				"${TARGET_BUILD_DIR}/${FRAMEWORKS_FOLDER_PATH}/LBTAComponents.framework",
				"${TARGET_BUILD_DIR}/${FRAMEWORKS_FOLDER_PATH}/Protobuf.framework",
				"${TARGET_BUILD_DIR}/${FRAMEWORKS_FOLDER_PATH}/Stripe.framework",
				"${TARGET_BUILD_DIR}/${FRAMEWORKS_FOLDER_PATH}/GRPCClient.framework",
				"${TARGET_BUILD_DIR}/${FRAMEWORKS_FOLDER_PATH}/grpc.framework",
				"${TARGET_BUILD_DIR}/${FRAMEWORKS_FOLDER_PATH}/ProtoRPC.framework",
				"${TARGET_BUILD_DIR}/${FRAMEWORKS_FOLDER_PATH}/RxLibrary.framework",
				"${TARGET_BUILD_DIR}/${FRAMEWORKS_FOLDER_PATH}/leveldb.framework",
				"${TARGET_BUILD_DIR}/${FRAMEWORKS_FOLDER_PATH}/nanopb.framework",
			);
			runOnlyForDeploymentPostprocessing = 0;
			shellPath = /bin/sh;
			shellScript = "\"${SRCROOT}/Pods/Target Support Files/Pods-fitchike/Pods-fitchike-frameworks.sh\"\n";
			showEnvVarsInLog = 0;
		};
		B12FB24B053E5F9681965108 /* [CP] Check Pods Manifest.lock */ = {
			isa = PBXShellScriptBuildPhase;
			buildActionMask = 2147483647;
			files = (
			);
			inputPaths = (
				"${PODS_PODFILE_DIR_PATH}/Podfile.lock",
				"${PODS_ROOT}/Manifest.lock",
			);
			name = "[CP] Check Pods Manifest.lock";
			outputPaths = (
				"$(DERIVED_FILE_DIR)/Pods-fitchike-checkManifestLockResult.txt",
			);
			runOnlyForDeploymentPostprocessing = 0;
			shellPath = /bin/sh;
			shellScript = "diff \"${PODS_PODFILE_DIR_PATH}/Podfile.lock\" \"${PODS_ROOT}/Manifest.lock\" > /dev/null\nif [ $? != 0 ] ; then\n    # print error to STDERR\n    echo \"error: The sandbox is not in sync with the Podfile.lock. Run 'pod install' or update your CocoaPods installation.\" >&2\n    exit 1\nfi\n# This output is used by Xcode 'outputs' to avoid re-running this script phase.\necho \"SUCCESS\" > \"${SCRIPT_OUTPUT_FILE_0}\"\n";
			showEnvVarsInLog = 0;
		};
/* End PBXShellScriptBuildPhase section */

/* Begin PBXSourcesBuildPhase section */
		59973615200AC3C3007D0F50 /* Sources */ = {
			isa = PBXSourcesBuildPhase;
			buildActionMask = 2147483647;
			files = (
				59B5284721005910005AF8E0 /* TrainerDetailDatasourceController.swift in Sources */,
				59B5284F21038DAC005AF8E0 /* TrainerListDatasourceController+navbar.swift in Sources */,
				591B77B120FD6935001B8116 /* StandardHeaderFooter.swift in Sources */,
				59209421210BD5CC007D2114 /* MyAPIClient.swift in Sources */,
				5920941B210BD5CC007D2114 /* Buttons.swift in Sources */,
				59B45C6C201593F3005A5B79 /* LoginViewController+handlers.swift in Sources */,
				5991EB56200D1F40002D629A /* Profile.swift in Sources */,
				59FA722F2018176E005985E7 /* Extensions.swift in Sources */,
				591B77AD20FD67FE001B8116 /* TrainerListDatasource.swift in Sources */,
				5920940D2108C6F7007D2114 /* Booking.swift in Sources */,
				598ECB6E210FD719006DD451 /* StripeCustomer.swift in Sources */,
				59209422210BD5CC007D2114 /* CheckoutViewController.swift in Sources */,
				59973621200AC3C3007D0F50 /* LoginViewController.swift in Sources */,
				591B77B520FD6B4F001B8116 /* TrainerListDatasourceController.swift in Sources */,
				59B5284320FF0AED005AF8E0 /* ProfileController.swift in Sources */,
				59B5284B210060F4005AF8E0 /* TrainerDetailDatasource.swift in Sources */,
				592094112108F702007D2114 /* TrainerDetailDatasourceController+handlers.swift in Sources */,
				59B52849210060C0005AF8E0 /* TestCells.swift in Sources */,
				5997361D200AC3C3007D0F50 /* AppDelegate.swift in Sources */,
				598ECB6C210E4E63006DD451 /* BookingCheckoutController.swift in Sources */,
				5920941F210BD5CC007D2114 /* CheckoutRowView.swift in Sources */,
				59B5284D21013A6C005AF8E0 /* TrainerListCell.swift in Sources */,
				5920940F2108CB87007D2114 /* BookingController.swift in Sources */,
				59FA722C201785D9005985E7 /* HomeViewController.swift in Sources */,
				59B528512103ABE1005AF8E0 /* TrainerDetailCell.swift in Sources */,
				59209420210BD5CC007D2114 /* PaymentContextFooterView.swift in Sources */,
				591B77AB20FD5F57001B8116 /* CustomTabBarController.swift in Sources */,
				5920941C210BD5CC007D2114 /* BrowseProductsViewController.swift in Sources */,
				591B77B920FD78D3001B8116 /* HomeViewController+handlers.swift in Sources */,
				5920941D210BD5CC007D2114 /* SettingsViewController.swift in Sources */,
			);
			runOnlyForDeploymentPostprocessing = 0;
		};
/* End PBXSourcesBuildPhase section */

/* Begin XCBuildConfiguration section */
		5997362B200AC3C3007D0F50 /* Debug */ = {
			isa = XCBuildConfiguration;
			buildSettings = {
				ALWAYS_SEARCH_USER_PATHS = NO;
				CLANG_ANALYZER_NONNULL = YES;
				CLANG_ANALYZER_NUMBER_OBJECT_CONVERSION = YES_AGGRESSIVE;
				CLANG_CXX_LANGUAGE_STANDARD = "gnu++14";
				CLANG_CXX_LIBRARY = "libc++";
				CLANG_ENABLE_MODULES = YES;
				CLANG_ENABLE_OBJC_ARC = YES;
				CLANG_WARN_BLOCK_CAPTURE_AUTORELEASING = YES;
				CLANG_WARN_BOOL_CONVERSION = YES;
				CLANG_WARN_COMMA = YES;
				CLANG_WARN_CONSTANT_CONVERSION = YES;
				CLANG_WARN_DEPRECATED_OBJC_IMPLEMENTATIONS = YES;
				CLANG_WARN_DIRECT_OBJC_ISA_USAGE = YES_ERROR;
				CLANG_WARN_DOCUMENTATION_COMMENTS = YES;
				CLANG_WARN_EMPTY_BODY = YES;
				CLANG_WARN_ENUM_CONVERSION = YES;
				CLANG_WARN_INFINITE_RECURSION = YES;
				CLANG_WARN_INT_CONVERSION = YES;
				CLANG_WARN_NON_LITERAL_NULL_CONVERSION = YES;
				CLANG_WARN_OBJC_IMPLICIT_RETAIN_SELF = YES;
				CLANG_WARN_OBJC_LITERAL_CONVERSION = YES;
				CLANG_WARN_OBJC_ROOT_CLASS = YES_ERROR;
				CLANG_WARN_RANGE_LOOP_ANALYSIS = YES;
				CLANG_WARN_STRICT_PROTOTYPES = YES;
				CLANG_WARN_SUSPICIOUS_MOVE = YES;
				CLANG_WARN_UNGUARDED_AVAILABILITY = YES_AGGRESSIVE;
				CLANG_WARN_UNREACHABLE_CODE = YES;
				CLANG_WARN__DUPLICATE_METHOD_MATCH = YES;
				CODE_SIGN_IDENTITY = "iPhone Developer";
				COPY_PHASE_STRIP = NO;
				DEBUG_INFORMATION_FORMAT = dwarf;
				ENABLE_STRICT_OBJC_MSGSEND = YES;
				ENABLE_TESTABILITY = YES;
				GCC_C_LANGUAGE_STANDARD = gnu11;
				GCC_DYNAMIC_NO_PIC = NO;
				GCC_NO_COMMON_BLOCKS = YES;
				GCC_OPTIMIZATION_LEVEL = 0;
				GCC_PREPROCESSOR_DEFINITIONS = (
					"DEBUG=1",
					"$(inherited)",
				);
				GCC_WARN_64_TO_32_BIT_CONVERSION = YES;
				GCC_WARN_ABOUT_RETURN_TYPE = YES_ERROR;
				GCC_WARN_UNDECLARED_SELECTOR = YES;
				GCC_WARN_UNINITIALIZED_AUTOS = YES_AGGRESSIVE;
				GCC_WARN_UNUSED_FUNCTION = YES;
				GCC_WARN_UNUSED_VARIABLE = YES;
				IPHONEOS_DEPLOYMENT_TARGET = 11.2;
				MTL_ENABLE_DEBUG_INFO = YES;
				ONLY_ACTIVE_ARCH = YES;
				SDKROOT = iphoneos;
				SWIFT_ACTIVE_COMPILATION_CONDITIONS = DEBUG;
				SWIFT_OPTIMIZATION_LEVEL = "-Onone";
			};
			name = Debug;
		};
		5997362C200AC3C3007D0F50 /* Release */ = {
			isa = XCBuildConfiguration;
			buildSettings = {
				ALWAYS_SEARCH_USER_PATHS = NO;
				CLANG_ANALYZER_NONNULL = YES;
				CLANG_ANALYZER_NUMBER_OBJECT_CONVERSION = YES_AGGRESSIVE;
				CLANG_CXX_LANGUAGE_STANDARD = "gnu++14";
				CLANG_CXX_LIBRARY = "libc++";
				CLANG_ENABLE_MODULES = YES;
				CLANG_ENABLE_OBJC_ARC = YES;
				CLANG_WARN_BLOCK_CAPTURE_AUTORELEASING = YES;
				CLANG_WARN_BOOL_CONVERSION = YES;
				CLANG_WARN_COMMA = YES;
				CLANG_WARN_CONSTANT_CONVERSION = YES;
				CLANG_WARN_DEPRECATED_OBJC_IMPLEMENTATIONS = YES;
				CLANG_WARN_DIRECT_OBJC_ISA_USAGE = YES_ERROR;
				CLANG_WARN_DOCUMENTATION_COMMENTS = YES;
				CLANG_WARN_EMPTY_BODY = YES;
				CLANG_WARN_ENUM_CONVERSION = YES;
				CLANG_WARN_INFINITE_RECURSION = YES;
				CLANG_WARN_INT_CONVERSION = YES;
				CLANG_WARN_NON_LITERAL_NULL_CONVERSION = YES;
				CLANG_WARN_OBJC_IMPLICIT_RETAIN_SELF = YES;
				CLANG_WARN_OBJC_LITERAL_CONVERSION = YES;
				CLANG_WARN_OBJC_ROOT_CLASS = YES_ERROR;
				CLANG_WARN_RANGE_LOOP_ANALYSIS = YES;
				CLANG_WARN_STRICT_PROTOTYPES = YES;
				CLANG_WARN_SUSPICIOUS_MOVE = YES;
				CLANG_WARN_UNGUARDED_AVAILABILITY = YES_AGGRESSIVE;
				CLANG_WARN_UNREACHABLE_CODE = YES;
				CLANG_WARN__DUPLICATE_METHOD_MATCH = YES;
				CODE_SIGN_IDENTITY = "iPhone Developer";
				COPY_PHASE_STRIP = NO;
				DEBUG_INFORMATION_FORMAT = "dwarf-with-dsym";
				ENABLE_NS_ASSERTIONS = NO;
				ENABLE_STRICT_OBJC_MSGSEND = YES;
				GCC_C_LANGUAGE_STANDARD = gnu11;
				GCC_NO_COMMON_BLOCKS = YES;
				GCC_WARN_64_TO_32_BIT_CONVERSION = YES;
				GCC_WARN_ABOUT_RETURN_TYPE = YES_ERROR;
				GCC_WARN_UNDECLARED_SELECTOR = YES;
				GCC_WARN_UNINITIALIZED_AUTOS = YES_AGGRESSIVE;
				GCC_WARN_UNUSED_FUNCTION = YES;
				GCC_WARN_UNUSED_VARIABLE = YES;
				IPHONEOS_DEPLOYMENT_TARGET = 11.2;
				MTL_ENABLE_DEBUG_INFO = NO;
				SDKROOT = iphoneos;
				SWIFT_OPTIMIZATION_LEVEL = "-Owholemodule";
				VALIDATE_PRODUCT = YES;
			};
			name = Release;
		};
		5997362E200AC3C3007D0F50 /* Debug */ = {
			isa = XCBuildConfiguration;
			baseConfigurationReference = 52B174514E86DCD7D794145A /* Pods-fitchike.debug.xcconfig */;
			buildSettings = {
				ASSETCATALOG_COMPILER_APPICON_NAME = AppIcon;
				CODE_SIGN_ENTITLEMENTS = fitchike/fitchike.entitlements;
				CODE_SIGN_STYLE = Automatic;
				DEVELOPMENT_TEAM = YZQXJDN28A;
				INFOPLIST_FILE = fitchike/Info.plist;
				LD_RUNPATH_SEARCH_PATHS = "$(inherited) @executable_path/Frameworks";
				PRODUCT_BUNDLE_IDENTIFIER = com.leftyseth.fitchike;
				PRODUCT_NAME = "$(TARGET_NAME)";
				SWIFT_VERSION = 4.0;
				TARGETED_DEVICE_FAMILY = "1,2";
			};
			name = Debug;
		};
		5997362F200AC3C3007D0F50 /* Release */ = {
			isa = XCBuildConfiguration;
			baseConfigurationReference = 79BA9112B8E9E474B8826C00 /* Pods-fitchike.release.xcconfig */;
			buildSettings = {
				ASSETCATALOG_COMPILER_APPICON_NAME = AppIcon;
				CODE_SIGN_ENTITLEMENTS = fitchike/fitchike.entitlements;
				CODE_SIGN_STYLE = Automatic;
				DEVELOPMENT_TEAM = YZQXJDN28A;
				INFOPLIST_FILE = fitchike/Info.plist;
				LD_RUNPATH_SEARCH_PATHS = "$(inherited) @executable_path/Frameworks";
				PRODUCT_BUNDLE_IDENTIFIER = com.leftyseth.fitchike;
				PRODUCT_NAME = "$(TARGET_NAME)";
				SWIFT_VERSION = 4.0;
				TARGETED_DEVICE_FAMILY = "1,2";
			};
			name = Release;
		};
/* End XCBuildConfiguration section */

/* Begin XCConfigurationList section */
		59973614200AC3C3007D0F50 /* Build configuration list for PBXProject "fitchike" */ = {
			isa = XCConfigurationList;
			buildConfigurations = (
				5997362B200AC3C3007D0F50 /* Debug */,
				5997362C200AC3C3007D0F50 /* Release */,
			);
			defaultConfigurationIsVisible = 0;
			defaultConfigurationName = Release;
		};
		5997362D200AC3C3007D0F50 /* Build configuration list for PBXNativeTarget "fitchike" */ = {
			isa = XCConfigurationList;
			buildConfigurations = (
				5997362E200AC3C3007D0F50 /* Debug */,
				5997362F200AC3C3007D0F50 /* Release */,
			);
			defaultConfigurationIsVisible = 0;
			defaultConfigurationName = Release;
		};
/* End XCConfigurationList section */
	};
	rootObject = 59973611200AC3C2007D0F50 /* Project object */;
}
